
Microsoft Visual Studio Solution File, Format Version 12.00
# Visual Studio 15
VisualStudioVersion = 15.0.28307.1340
MinimumVisualStudioVersion = 10.0.40219.1
Project("{FAE04EC0-301F-11D3-BF4B-00C04F79EFBC}") = "CauculadoraDeVolumee", "CauculadoraDeVolumee\CauculadoraDeVolumee.csproj", "{98563F75-FFDB-4E93-9FBD-E229E8DC5EB9}"
EndProject
Global
	GlobalSection(SolutionConfigurationPlatforms) = preSolution
		Debug|Any CPU = Debug|Any CPU
		Release|Any CPU = Release|Any CPU
	EndGlobalSection
	GlobalSection(ProjectConfigurationPlatforms) = postSolution
		{98563F75-FFDB-4E93-9FBD-E229E8DC5EB9}.Debug|Any CPU.ActiveCfg = Debug|Any CPU
		{98563F75-FFDB-4E93-9FBD-E229E8DC5EB9}.Debug|Any CPU.Build.0 = Debug|Any CPU
		{98563F75-FFDB-4E93-9FBD-E229E8DC5EB9}.Release|Any CPU.ActiveCfg = Release|Any CPU
		{98563F75-FFDB-4E93-9FBD-E229E8DC5EB9}.Release|Any CPU.Build.0 = Release|Any CPU
	EndGlobalSection
	GlobalSection(SolutionProperties) = preSolution
		HideSolutionNode = FALSE
	EndGlobalSection
	GlobalSection(ExtensibilityGlobals) = postSolution
		SolutionGuid = {F80E776C-C9E9-4B79-95CE-E195D33899E8}
	EndGlobalSection
EndGlobal
